PODS:
  - BrightFutures (8.0.0)
  - YelpAPI (3.0.0)

DEPENDENCIES:
  - BrightFutures
  - YelpAPI

SPEC REPOS:
  trunk:
    - BrightFutures
    - YelpAPI

SPEC CHECKSUMS:
  BrightFutures: f8427b46feabaf73c5e71ace7d86d65dfbb47696
  YelpAPI: 9ae0ee45b998d306c1aff9b2d966dc23121f191e

PODFILE CHECKSUM: f54ca4e4ab1774da938c59bd753bba62b222ace0

COCOAPODS: 1.10.1
