// !$*UTF8*$!
{
	archiveVersion = 1;
	classes = {
	};
	objectVersion = 51;
	objects = {

/* Begin PBXBuildFile section */
		292EE60910BC7B5CD31A310F /* Pods_iOS_ChallengeTests.framework in Frameworks */ = {isa = PBXBuildFile; fileRef = 0F18F74D045DBD0FA0B97819 /* Pods_iOS_ChallengeTests.framework */; };
		B911C32026740F9500524463 /* AppDelegate.swift in Sources */ = {isa = PBXBuildFile; fileRef = B911C31F26740F9500524463 /* AppDelegate.swift */; };
		B911C32226740F9500524463 /* SceneDelegate.swift in Sources */ = {isa = PBXBuildFile; fileRef = B911C32126740F9500524463 /* SceneDelegate.swift */; };
		B911C32426740F9500524463 /* ViewController.swift in Sources */ = {isa = PBXBuildFile; fileRef = B911C32326740F9500524463 /* ViewController.swift */; };
		B911C32726740F9500524463 /* Main.storyboard in Resources */ = {isa = PBXBuildFile; fileRef = B911C32526740F9500524463 /* Main.storyboard */; };
		B911C32926740F9900524463 /* Assets.xcassets in Resources */ = {isa = PBXBuildFile; fileRef = B911C32826740F9900524463 /* Assets.xcassets */; };
		B911C32C26740F9900524463 /* LaunchScreen.storyboard in Resources */ = {isa = PBXBuildFile; fileRef = B911C32A26740F9900524463 /* LaunchScreen.storyboard */; };
		B911C33726740F9900524463 /* iOS_ChallengeTests.swift in Sources */ = {isa = PBXBuildFile; fileRef = B911C33626740F9900524463 /* iOS_ChallengeTests.swift */; };
		B911C34226740F9A00524463 /* iOS_ChallengeUITests.swift in Sources */ = {isa = PBXBuildFile; fileRef = B911C34126740F9A00524463 /* iOS_ChallengeUITests.swift */; };
		B96E7339267426FE0030741A /* BusinessTableViewCell.swift in Sources */ = {isa = PBXBuildFile; fileRef = B96E7337267426FE0030741A /* BusinessTableViewCell.swift */; };
		B96E733A267426FE0030741A /* BusinessTableViewCell.xib in Resources */ = {isa = PBXBuildFile; fileRef = B96E7338267426FE0030741A /* BusinessTableViewCell.xib */; };
		B96E733E26742A920030741A /* Business.swift in Sources */ = {isa = PBXBuildFile; fileRef = B96E733D26742A920030741A /* Business.swift */; };
		B9907F5F2674CB8200ABDC19 /* MapViewController.swift in Sources */ = {isa = PBXBuildFile; fileRef = B9907F5E2674CB8200ABDC19 /* MapViewController.swift */; };
		BD58B83B94272BC839A2A1E7 /* Pods_iOS_Challenge.framework in Frameworks */ = {isa = PBXBuildFile; fileRef = 84C99B1109E14DDBC9B05C17 /* Pods_iOS_Challenge.framework */; };
		CA2AA2C3969BB3CF1ABE887D /* Pods_iOS_Challenge_iOS_ChallengeUITests.framework in Frameworks */ = {isa = PBXBuildFile; fileRef = C01AE743F4866D247570D8E3 /* Pods_iOS_Challenge_iOS_ChallengeUITests.framework */; };
/* End PBXBuildFile section */

/* Begin PBXContainerItemProxy section */
		B911C33326740F9900524463 /* PBXContainerItemProxy */ = {
			isa = PBXContainerItemProxy;
			containerPortal = B911C31426740F9500524463 /* Project object */;
			proxyType = 1;
			remoteGlobalIDString = B911C31B26740F9500524463;
			remoteInfo = "iOS Challenge";
		};
		B911C33E26740F9A00524463 /* PBXContainerItemProxy */ = {
			isa = PBXContainerItemProxy;
			containerPortal = B911C31426740F9500524463 /* Project object */;
			proxyType = 1;
			remoteGlobalIDString = B911C31B26740F9500524463;
			remoteInfo = "iOS Challenge";
		};
/* End PBXContainerItemProxy section */

/* Begin PBXFileReference section */
		0F18F74D045DBD0FA0B97819 /* Pods_iOS_ChallengeTests.framework */ = {isa = PBXFileReference; explicitFileType = wrapper.framework; includeInIndex = 0; path = Pods_iOS_ChallengeTests.framework; sourceTree = BUILT_PRODUCTS_DIR; };
		242FD41D8084642EE1DC5A4E /* Pods-iOS ChallengeTests.release.xcconfig */ = {isa = PBXFileReference; includeInIndex = 1; lastKnownFileType = text.xcconfig; name = "Pods-iOS ChallengeTests.release.xcconfig"; path = "Target Support Files/Pods-iOS ChallengeTests/Pods-iOS ChallengeTests.release.xcconfig"; sourceTree = "<group>"; };
		33EA846934B7F01873738E82 /* Pods-iOS Challenge-iOS ChallengeUITests.release.xcconfig */ = {isa = PBXFileReference; includeInIndex = 1; lastKnownFileType = text.xcconfig; name = "Pods-iOS Challenge-iOS ChallengeUITests.release.xcconfig"; path = "Target Support Files/Pods-iOS Challenge-iOS ChallengeUITests/Pods-iOS Challenge-iOS ChallengeUITests.release.xcconfig"; sourceTree = "<group>"; };
		84C99B1109E14DDBC9B05C17 /* Pods_iOS_Challenge.framework */ = {isa = PBXFileReference; explicitFileType = wrapper.framework; includeInIndex = 0; path = Pods_iOS_Challenge.framework; sourceTree = BUILT_PRODUCTS_DIR; };
		864BCC47525AE34A6023FECB /* Pods-iOS Challenge-iOS ChallengeUITests.debug.xcconfig */ = {isa = PBXFileReference; includeInIndex = 1; lastKnownFileType = text.xcconfig; name = "Pods-iOS Challenge-iOS ChallengeUITests.debug.xcconfig"; path = "Target Support Files/Pods-iOS Challenge-iOS ChallengeUITests/Pods-iOS Challenge-iOS ChallengeUITests.debug.xcconfig"; sourceTree = "<group>"; };
		B426C41367975E50B4E1B287 /* Pods-iOS Challenge.debug.xcconfig */ = {isa = PBXFileReference; includeInIndex = 1; lastKnownFileType = text.xcconfig; name = "Pods-iOS Challenge.debug.xcconfig"; path = "Target Support Files/Pods-iOS Challenge/Pods-iOS Challenge.debug.xcconfig"; sourceTree = "<group>"; };
		B911C31C26740F9500524463 /* iOS Challenge.app */ = {isa = PBXFileReference; explicitFileType = wrapper.application; includeInIndex = 0; path = "iOS Challenge.app"; sourceTree = BUILT_PRODUCTS_DIR; };
		B911C31F26740F9500524463 /* AppDelegate.swift */ = {isa = PBXFileReference; lastKnownFileType = sourcecode.swift; path = AppDelegate.swift; sourceTree = "<group>"; };
		B911C32126740F9500524463 /* SceneDelegate.swift */ = {isa = PBXFileReference; lastKnownFileType = sourcecode.swift; path = SceneDelegate.swift; sourceTree = "<group>"; };
		B911C32326740F9500524463 /* ViewController.swift */ = {isa = PBXFileReference; lastKnownFileType = sourcecode.swift; path = ViewController.swift; sourceTree = "<group>"; };
		B911C32626740F9500524463 /* Base */ = {isa = PBXFileReference; lastKnownFileType = file.storyboard; name = Base; path = Base.lproj/Main.storyboard; sourceTree = "<group>"; };
		B911C32826740F9900524463 /* Assets.xcassets */ = {isa = PBXFileReference; lastKnownFileType = folder.assetcatalog; path = Assets.xcassets; sourceTree = "<group>"; };
		B911C32B26740F9900524463 /* Base */ = {isa = PBXFileReference; lastKnownFileType = file.storyboard; name = Base; path = Base.lproj/LaunchScreen.storyboard; sourceTree = "<group>"; };
		B911C32D26740F9900524463 /* Info.plist */ = {isa = PBXFileReference; lastKnownFileType = text.plist.xml; path = Info.plist; sourceTree = "<group>"; };
		B911C33226740F9900524463 /* iOS ChallengeTests.xctest */ = {isa = PBXFileReference; explicitFileType = wrapper.cfbundle; includeInIndex = 0; path = "iOS ChallengeTests.xctest"; sourceTree = BUILT_PRODUCTS_DIR; };
		B911C33626740F9900524463 /* iOS_ChallengeTests.swift */ = {isa = PBXFileReference; lastKnownFileType = sourcecode.swift; path = iOS_ChallengeTests.swift; sourceTree = "<group>"; };
		B911C33826740F9900524463 /* Info.plist */ = {isa = PBXFileReference; lastKnownFileType = text.plist.xml; path = Info.plist; sourceTree = "<group>"; };
		B911C33D26740F9A00524463 /* iOS ChallengeUITests.xctest */ = {isa = PBXFileReference; explicitFileType = wrapper.cfbundle; includeInIndex = 0; path = "iOS ChallengeUITests.xctest"; sourceTree = BUILT_PRODUCTS_DIR; };
		B911C34126740F9A00524463 /* iOS_ChallengeUITests.swift */ = {isa = PBXFileReference; lastKnownFileType = sourcecode.swift; path = iOS_ChallengeUITests.swift; sourceTree = "<group>"; };
		B911C34326740F9A00524463 /* Info.plist */ = {isa = PBXFileReference; lastKnownFileType = text.plist.xml; path = Info.plist; sourceTree = "<group>"; };
		B96E7337267426FE0030741A /* BusinessTableViewCell.swift */ = {isa = PBXFileReference; lastKnownFileType = sourcecode.swift; path = BusinessTableViewCell.swift; sourceTree = "<group>"; };
		B96E7338267426FE0030741A /* BusinessTableViewCell.xib */ = {isa = PBXFileReference; lastKnownFileType = file.xib; path = BusinessTableViewCell.xib; sourceTree = "<group>"; };
		B96E733D26742A920030741A /* Business.swift */ = {isa = PBXFileReference; lastKnownFileType = sourcecode.swift; path = Business.swift; sourceTree = "<group>"; };
		B9907F5E2674CB8200ABDC19 /* MapViewController.swift */ = {isa = PBXFileReference; lastKnownFileType = sourcecode.swift; path = MapViewController.swift; sourceTree = "<group>"; };
		C01AE743F4866D247570D8E3 /* Pods_iOS_Challenge_iOS_ChallengeUITests.framework */ = {isa = PBXFileReference; explicitFileType = wrapper.framework; includeInIndex = 0; path = Pods_iOS_Challenge_iOS_ChallengeUITests.framework; sourceTree = BUILT_PRODUCTS_DIR; };
		D0BEF210E63AF8FD504EB4F8 /* Pods-iOS Challenge.release.xcconfig */ = {isa = PBXFileReference; includeInIndex = 1; lastKnownFileType = text.xcconfig; name = "Pods-iOS Challenge.release.xcconfig"; path = "Target Support Files/Pods-iOS Challenge/Pods-iOS Challenge.release.xcconfig"; sourceTree = "<group>"; };
		DACC2913AFCF504228DFD2EC /* Pods-iOS ChallengeTests.debug.xcconfig */ = {isa = PBXFileReference; includeInIndex = 1; lastKnownFileType = text.xcconfig; name = "Pods-iOS ChallengeTests.debug.xcconfig"; path = "Target Support Files/Pods-iOS ChallengeTests/Pods-iOS ChallengeTests.debug.xcconfig"; sourceTree = "<group>"; };
/* End PBXFileReference section */

/* Begin PBXFrameworksBuildPhase section */
		B911C31926740F9500524463 /* Frameworks */ = {
			isa = PBXFrameworksBuildPhase;
			buildActionMask = 2147483647;
			files = (
				BD58B83B94272BC839A2A1E7 /* Pods_iOS_Challenge.framework in Frameworks */,
			);
			runOnlyForDeploymentPostprocessing = 0;
		};
		B911C32F26740F9900524463 /* Frameworks */ = {
			isa = PBXFrameworksBuildPhase;
			buildActionMask = 2147483647;
			files = (
				292EE60910BC7B5CD31A310F /* Pods_iOS_ChallengeTests.framework in Frameworks */,
			);
			runOnlyForDeploymentPostprocessing = 0;
		};
		B911C33A26740F9900524463 /* Frameworks */ = {
			isa = PBXFrameworksBuildPhase;
			buildActionMask = 2147483647;
			files = (
				CA2AA2C3969BB3CF1ABE887D /* Pods_iOS_Challenge_iOS_ChallengeUITests.framework in Frameworks */,
			);
			runOnlyForDeploymentPostprocessing = 0;
		};
/* End PBXFrameworksBuildPhase section */

/* Begin PBXGroup section */
		1ED0A2A7BBDCBAA31A134739 /* Frameworks */ = {
			isa = PBXGroup;
			children = (
				84C99B1109E14DDBC9B05C17 /* Pods_iOS_Challenge.framework */,
				C01AE743F4866D247570D8E3 /* Pods_iOS_Challenge_iOS_ChallengeUITests.framework */,
				0F18F74D045DBD0FA0B97819 /* Pods_iOS_ChallengeTests.framework */,
			);
			name = Frameworks;
			sourceTree = "<group>";
		};
		B911C31326740F9500524463 = {
			isa = PBXGroup;
			children = (
				B911C31E26740F9500524463 /* iOS Challenge */,
				B911C33526740F9900524463 /* iOS ChallengeTests */,
				B911C34026740F9A00524463 /* iOS ChallengeUITests */,
				B911C31D26740F9500524463 /* Products */,
				E143C0031B7E2372FD8F6CFC /* Pods */,
				1ED0A2A7BBDCBAA31A134739 /* Frameworks */,
			);
			sourceTree = "<group>";
		};
		B911C31D26740F9500524463 /* Products */ = {
			isa = PBXGroup;
			children = (
				B911C31C26740F9500524463 /* iOS Challenge.app */,
				B911C33226740F9900524463 /* iOS ChallengeTests.xctest */,
				B911C33D26740F9A00524463 /* iOS ChallengeUITests.xctest */,
			);
			name = Products;
			sourceTree = "<group>";
		};
		B911C31E26740F9500524463 /* iOS Challenge */ = {
			isa = PBXGroup;
			children = (
				B911C31F26740F9500524463 /* AppDelegate.swift */,
				B911C32126740F9500524463 /* SceneDelegate.swift */,
				B911C32326740F9500524463 /* ViewController.swift */,
				B911C32526740F9500524463 /* Main.storyboard */,
				B911C32826740F9900524463 /* Assets.xcassets */,
				B911C32A26740F9900524463 /* LaunchScreen.storyboard */,
				B911C32D26740F9900524463 /* Info.plist */,
				B96E7337267426FE0030741A /* BusinessTableViewCell.swift */,
				B96E7338267426FE0030741A /* BusinessTableViewCell.xib */,
				B96E733D26742A920030741A /* Business.swift */,
				B9907F5E2674CB8200ABDC19 /* MapViewController.swift */,
			);
			path = "iOS Challenge";
			sourceTree = "<group>";
		};
		B911C33526740F9900524463 /* iOS ChallengeTests */ = {
			isa = PBXGroup;
			children = (
				B911C33626740F9900524463 /* iOS_ChallengeTests.swift */,
				B911C33826740F9900524463 /* Info.plist */,
			);
			path = "iOS ChallengeTests";
			sourceTree = "<group>";
		};
		B911C34026740F9A00524463 /* iOS ChallengeUITests */ = {
			isa = PBXGroup;
			children = (
				B911C34126740F9A00524463 /* iOS_ChallengeUITests.swift */,
				B911C34326740F9A00524463 /* Info.plist */,
			);
			path = "iOS ChallengeUITests";
			sourceTree = "<group>";
		};
		E143C0031B7E2372FD8F6CFC /* Pods */ = {
			isa = PBXGroup;
			children = (
				B426C41367975E50B4E1B287 /* Pods-iOS Challenge.debug.xcconfig */,
				D0BEF210E63AF8FD504EB4F8 /* Pods-iOS Challenge.release.xcconfig */,
				864BCC47525AE34A6023FECB /* Pods-iOS Challenge-iOS ChallengeUITests.debug.xcconfig */,
				33EA846934B7F01873738E82 /* Pods-iOS Challenge-iOS ChallengeUITests.release.xcconfig */,
				DACC2913AFCF504228DFD2EC /* Pods-iOS ChallengeTests.debug.xcconfig */,
				242FD41D8084642EE1DC5A4E /* Pods-iOS ChallengeTests.release.xcconfig */,
			);
			path = Pods;
			sourceTree = "<group>";
		};
/* End PBXGroup section */

/* Begin PBXNativeTarget section */
		B911C31B26740F9500524463 /* iOS Challenge */ = {
			isa = PBXNativeTarget;
			buildConfigurationList = B911C34626740F9A00524463 /* Build configuration list for PBXNativeTarget "iOS Challenge" */;
			buildPhases = (
				C3606B6FBE60EE962BC210AB /* [CP] Check Pods Manifest.lock */,
				B911C31826740F9500524463 /* Sources */,
				B911C31926740F9500524463 /* Frameworks */,
				B911C31A26740F9500524463 /* Resources */,
				81A88212D956039787619B53 /* [CP] Embed Pods Frameworks */,
			);
			buildRules = (
			);
			dependencies = (
			);
			name = "iOS Challenge";
			productName = "iOS Challenge";
			productReference = B911C31C26740F9500524463 /* iOS Challenge.app */;
			productType = "com.apple.product-type.application";
		};
		B911C33126740F9900524463 /* iOS ChallengeTests */ = {
			isa = PBXNativeTarget;
			buildConfigurationList = B911C34926740F9A00524463 /* Build configuration list for PBXNativeTarget "iOS ChallengeTests" */;
			buildPhases = (
				89BCA45A33A69448E6FE1649 /* [CP] Check Pods Manifest.lock */,
				B911C32E26740F9900524463 /* Sources */,
				B911C32F26740F9900524463 /* Frameworks */,
				B911C33026740F9900524463 /* Resources */,
			);
			buildRules = (
			);
			dependencies = (
				B911C33426740F9900524463 /* PBXTargetDependency */,
			);
			name = "iOS ChallengeTests";
			productName = "iOS ChallengeTests";
			productReference = B911C33226740F9900524463 /* iOS ChallengeTests.xctest */;
			productType = "com.apple.product-type.bundle.unit-test";
		};
		B911C33C26740F9900524463 /* iOS ChallengeUITests */ = {
			isa = PBXNativeTarget;
			buildConfigurationList = B911C34C26740F9A00524463 /* Build configuration list for PBXNativeTarget "iOS ChallengeUITests" */;
			buildPhases = (
				186A393AC03196685D864F28 /* [CP] Check Pods Manifest.lock */,
				B911C33926740F9900524463 /* Sources */,
				B911C33A26740F9900524463 /* Frameworks */,
				B911C33B26740F9900524463 /* Resources */,
				1A99A081D4BA2F7C1B4A29BE /* [CP] Embed Pods Frameworks */,
			);
			buildRules = (
			);
			dependencies = (
				B911C33F26740F9A00524463 /* PBXTargetDependency */,
			);
			name = "iOS ChallengeUITests";
			productName = "iOS ChallengeUITests";
			productReference = B911C33D26740F9A00524463 /* iOS ChallengeUITests.xctest */;
			productType = "com.apple.product-type.bundle.ui-testing";
		};
/* End PBXNativeTarget section */

/* Begin PBXProject section */
		B911C31426740F9500524463 /* Project object */ = {
			isa = PBXProject;
			attributes = {
				LastSwiftUpdateCheck = 1130;
				LastUpgradeCheck = 1130;
				ORGANIZATIONNAME = "Signe Ruprecht";
				TargetAttributes = {
					B911C31B26740F9500524463 = {
						CreatedOnToolsVersion = 11.3.1;
					};
					B911C33126740F9900524463 = {
						CreatedOnToolsVersion = 11.3.1;
						TestTargetID = B911C31B26740F9500524463;
					};
					B911C33C26740F9900524463 = {
						CreatedOnToolsVersion = 11.3.1;
						TestTargetID = B911C31B26740F9500524463;
					};
				};
			};
			buildConfigurationList = B911C31726740F9500524463 /* Build configuration list for PBXProject "iOS Challenge" */;
			compatibilityVersion = "Xcode 9.3";
			developmentRegion = en;
			hasScannedForEncodings = 0;
			knownRegions = (
				en,
				Base,
			);
			mainGroup = B911C31326740F9500524463;
			productRefGroup = B911C31D26740F9500524463 /* Products */;
			projectDirPath = "";
			projectRoot = "";
			targets = (
				B911C31B26740F9500524463 /* iOS Challenge */,
				B911C33126740F9900524463 /* iOS ChallengeTests */,
				B911C33C26740F9900524463 /* iOS ChallengeUITests */,
			);
		};
/* End PBXProject section */

/* Begin PBXResourcesBuildPhase section */
		B911C31A26740F9500524463 /* Resources */ = {
			isa = PBXResourcesBuildPhase;
			buildActionMask = 2147483647;
			files = (
				B911C32C26740F9900524463 /* LaunchScreen.storyboard in Resources */,
				B96E733A267426FE0030741A /* BusinessTableViewCell.xib in Resources */,
				B911C32926740F9900524463 /* Assets.xcassets in Resources */,
				B911C32726740F9500524463 /* Main.storyboard in Resources */,
			);
			runOnlyForDeploymentPostprocessing = 0;
		};
		B911C33026740F9900524463 /* Resources */ = {
			isa = PBXResourcesBuildPhase;
			buildActionMask = 2147483647;
			files = (
			);
			runOnlyForDeploymentPostprocessing = 0;
		};
		B911C33B26740F9900524463 /* Resources */ = {
			isa = PBXResourcesBuildPhase;
			buildActionMask = 2147483647;
			files = (
			);
			runOnlyForDeploymentPostprocessing = 0;
		};
/* End PBXResourcesBuildPhase section */

/* Begin PBXShellScriptBuildPhase section */
		186A393AC03196685D864F28 /* [CP] Check Pods Manifest.lock */ = {
			isa = PBXShellScriptBuildPhase;
			buildActionMask = 2147483647;
			files = (
			);
			inputFileListPaths = (
			);
			inputPaths = (
				"${PODS_PODFILE_DIR_PATH}/Podfile.lock",
				"${PODS_ROOT}/Manifest.lock",
			);
			name = "[CP] Check Pods Manifest.lock";
			outputFileListPaths = (
			);
			outputPaths = (
				"$(DERIVED_FILE_DIR)/Pods-iOS Challenge-iOS ChallengeUITests-checkManifestLockResult.txt",
			);
			runOnlyForDeploymentPostprocessing = 0;
			shellPath = /bin/sh;
			shellScript = "diff \"${PODS_PODFILE_DIR_PATH}/Podfile.lock\" \"${PODS_ROOT}/Manifest.lock\" > /dev/null\nif [ $? != 0 ] ; then\n    # print error to STDERR\n    echo \"error: The sandbox is not in sync with the Podfile.lock. Run 'pod install' or update your CocoaPods installation.\" >&2\n    exit 1\nfi\n# This output is used by Xcode 'outputs' to avoid re-running this script phase.\necho \"SUCCESS\" > \"${SCRIPT_OUTPUT_FILE_0}\"\n";
			showEnvVarsInLog = 0;
		};
		1A99A081D4BA2F7C1B4A29BE /* [CP] Embed Pods Frameworks */ = {
			isa = PBXShellScriptBuildPhase;
			buildActionMask = 2147483647;
			files = (
			);
			inputFileListPaths = (
				"${PODS_ROOT}/Target Support Files/Pods-iOS Challenge-iOS ChallengeUITests/Pods-iOS Challenge-iOS ChallengeUITests-frameworks-${CONFIGURATION}-input-files.xcfilelist",
			);
			name = "[CP] Embed Pods Frameworks";
			outputFileListPaths = (
				"${PODS_ROOT}/Target Support Files/Pods-iOS Challenge-iOS ChallengeUITests/Pods-iOS Challenge-iOS ChallengeUITests-frameworks-${CONFIGURATION}-output-files.xcfilelist",
			);
			runOnlyForDeploymentPostprocessing = 0;
			shellPath = /bin/sh;
			shellScript = "\"${PODS_ROOT}/Target Support Files/Pods-iOS Challenge-iOS ChallengeUITests/Pods-iOS Challenge-iOS ChallengeUITests-frameworks.sh\"\n";
			showEnvVarsInLog = 0;
		};
		81A88212D956039787619B53 /* [CP] Embed Pods Frameworks */ = {
			isa = PBXShellScriptBuildPhase;
			buildActionMask = 2147483647;
			files = (
			);
			inputFileListPaths = (
				"${PODS_ROOT}/Target Support Files/Pods-iOS Challenge/Pods-iOS Challenge-frameworks-${CONFIGURATION}-input-files.xcfilelist",
			);
			name = "[CP] Embed Pods Frameworks";
			outputFileListPaths = (
				"${PODS_ROOT}/Target Support Files/Pods-iOS Challenge/Pods-iOS Challenge-frameworks-${CONFIGURATION}-output-files.xcfilelist",
			);
			runOnlyForDeploymentPostprocessing = 0;
			shellPath = /bin/sh;
			shellScript = "\"${PODS_ROOT}/Target Support Files/Pods-iOS Challenge/Pods-iOS Challenge-frameworks.sh\"\n";
			showEnvVarsInLog = 0;
		};
		89BCA45A33A69448E6FE1649 /* [CP] Check Pods Manifest.lock */ = {
			isa = PBXShellScriptBuildPhase;
			buildActionMask = 2147483647;
			files = (
			);
			inputFileListPaths = (
			);
			inputPaths = (
				"${PODS_PODFILE_DIR_PATH}/Podfile.lock",
				"${PODS_ROOT}/Manifest.lock",
			);
			name = "[CP] Check Pods Manifest.lock";
			outputFileListPaths = (
			);
			outputPaths = (
				"$(DERIVED_FILE_DIR)/Pods-iOS ChallengeTests-checkManifestLockResult.txt",
			);
			runOnlyForDeploymentPostprocessing = 0;
			shellPath = /bin/sh;
			shellScript = "diff \"${PODS_PODFILE_DIR_PATH}/Podfile.lock\" \"${PODS_ROOT}/Manifest.lock\" > /dev/null\nif [ $? != 0 ] ; then\n    # print error to STDERR\n    echo \"error: The sandbox is not in sync with the Podfile.lock. Run 'pod install' or update your CocoaPods installation.\" >&2\n    exit 1\nfi\n# This output is used by Xcode 'outputs' to avoid re-running this script phase.\necho \"SUCCESS\" > \"${SCRIPT_OUTPUT_FILE_0}\"\n";
			showEnvVarsInLog = 0;
		};
		C3606B6FBE60EE962BC210AB /* [CP] Check Pods Manifest.lock */ = {
			isa = PBXShellScriptBuildPhase;
			buildActionMask = 2147483647;
			files = (
			);
			inputFileListPaths = (
			);
			inputPaths = (
				"${PODS_PODFILE_DIR_PATH}/Podfile.lock",
				"${PODS_ROOT}/Manifest.lock",
			);
			name = "[CP] Check Pods Manifest.lock";
			outputFileListPaths = (
			);
			outputPaths = (
				"$(DERIVED_FILE_DIR)/Pods-iOS Challenge-checkManifestLockResult.txt",
			);
			runOnlyForDeploymentPostprocessing = 0;
			shellPath = /bin/sh;
			shellScript = "diff \"${PODS_PODFILE_DIR_PATH}/Podfile.lock\" \"${PODS_ROOT}/Manifest.lock\" > /dev/null\nif [ $? != 0 ] ; then\n    # print error to STDERR\n    echo \"error: The sandbox is not in sync with the Podfile.lock. Run 'pod install' or update your CocoaPods installation.\" >&2\n    exit 1\nfi\n# This output is used by Xcode 'outputs' to avoid re-running this script phase.\necho \"SUCCESS\" > \"${SCRIPT_OUTPUT_FILE_0}\"\n";
			showEnvVarsInLog = 0;
		};
/* End PBXShellScriptBuildPhase section */

/* Begin PBXSourcesBuildPhase section */
		B911C31826740F9500524463 /* Sources */ = {
			isa = PBXSourcesBuildPhase;
			buildActionMask = 2147483647;
			files = (
				B911C32426740F9500524463 /* ViewController.swift in Sources */,
				B96E7339267426FE0030741A /* BusinessTableViewCell.swift in Sources */,
				B911C32026740F9500524463 /* AppDelegate.swift in Sources */,
				B96E733E26742A920030741A /* Business.swift in Sources */,
				B911C32226740F9500524463 /* SceneDelegate.swift in Sources */,
				B9907F5F2674CB8200ABDC19 /* MapViewController.swift in Sources */,
			);
			runOnlyForDeploymentPostprocessing = 0;
		};
		B911C32E26740F9900524463 /* Sources */ = {
			isa = PBXSourcesBuildPhase;
			buildActionMask = 2147483647;
			files = (
				B911C33726740F9900524463 /* iOS_ChallengeTests.swift in Sources */,
			);
			runOnlyForDeploymentPostprocessing = 0;
		};
		B911C33926740F9900524463 /* Sources */ = {
			isa = PBXSourcesBuildPhase;
			buildActionMask = 2147483647;
			files = (
				B911C34226740F9A00524463 /* iOS_ChallengeUITests.swift in Sources */,
			);
			runOnlyForDeploymentPostprocessing = 0;
		};
/* End PBXSourcesBuildPhase section */

/* Begin PBXTargetDependency section */
		B911C33426740F9900524463 /* PBXTargetDependency */ = {
			isa = PBXTargetDependency;
			target = B911C31B26740F9500524463 /* iOS Challenge */;
			targetProxy = B911C33326740F9900524463 /* PBXContainerItemProxy */;
		};
		B911C33F26740F9A00524463 /* PBXTargetDependency */ = {
			isa = PBXTargetDependency;
			target = B911C31B26740F9500524463 /* iOS Challenge */;
			targetProxy = B911C33E26740F9A00524463 /* PBXContainerItemProxy */;
		};
/* End PBXTargetDependency section */

/* Begin PBXVariantGroup section */
		B911C32526740F9500524463 /* Main.storyboard */ = {
			isa = PBXVariantGroup;
			children = (
				B911C32626740F9500524463 /* Base */,
			);
			name = Main.storyboard;
			sourceTree = "<group>";
		};
		B911C32A26740F9900524463 /* LaunchScreen.storyboard */ = {
			isa = PBXVariantGroup;
			children = (
				B911C32B26740F9900524463 /* Base */,
			);
			name = LaunchScreen.storyboard;
			sourceTree = "<group>";
		};
/* End PBXVariantGroup section */

/* Begin XCBuildConfiguration section */
		B911C34426740F9A00524463 /* Debug */ = {
			isa = XCBuildConfiguration;
			buildSettings = {
				ALWAYS_SEARCH_USER_PATHS = NO;
				CLANG_ANALYZER_NONNULL = YES;
				CLANG_ANALYZER_NUMBER_OBJECT_CONVERSION = YES_AGGRESSIVE;
				CLANG_CXX_LANGUAGE_STANDARD = "gnu++14";
				CLANG_CXX_LIBRARY = "libc++";
				CLANG_ENABLE_MODULES = YES;
				CLANG_ENABLE_OBJC_ARC = YES;
				CLANG_ENABLE_OBJC_WEAK = YES;
				CLANG_WARN_BLOCK_CAPTURE_AUTORELEASING = YES;
				CLANG_WARN_BOOL_CONVERSION = YES;
				CLANG_WARN_COMMA = YES;
				CLANG_WARN_CONSTANT_CONVERSION = YES;
				CLANG_WARN_DEPRECATED_OBJC_IMPLEMENTATIONS = YES;
				CLANG_WARN_DIRECT_OBJC_ISA_USAGE = YES_ERROR;
				CLANG_WARN_DOCUMENTATION_COMMENTS = YES;
				CLANG_WARN_EMPTY_BODY = YES;
				CLANG_WARN_ENUM_CONVERSION = YES;
				CLANG_WARN_INFINITE_RECURSION = YES;
				CLANG_WARN_INT_CONVERSION = YES;
				CLANG_WARN_NON_LITERAL_NULL_CONVERSION = YES;
				CLANG_WARN_OBJC_IMPLICIT_RETAIN_SELF = YES;
				CLANG_WARN_OBJC_LITERAL_CONVERSION = YES;
				CLANG_WARN_OBJC_ROOT_CLASS = YES_ERROR;
				CLANG_WARN_RANGE_LOOP_ANALYSIS = YES;
				CLANG_WARN_STRICT_PROTOTYPES = YES;
				CLANG_WARN_SUSPICIOUS_MOVE = YES;
				CLANG_WARN_UNGUARDED_AVAILABILITY = YES_AGGRESSIVE;
				CLANG_WARN_UNREACHABLE_CODE = YES;
				CLANG_WARN__DUPLICATE_METHOD_MATCH = YES;
				COPY_PHASE_STRIP = NO;
				DEBUG_INFORMATION_FORMAT = dwarf;
				ENABLE_STRICT_OBJC_MSGSEND = YES;
				ENABLE_TESTABILITY = YES;
				GCC_C_LANGUAGE_STANDARD = gnu11;
				GCC_DYNAMIC_NO_PIC = NO;
				GCC_NO_COMMON_BLOCKS = YES;
				GCC_OPTIMIZATION_LEVEL = 0;
				GCC_PREPROCESSOR_DEFINITIONS = (
					"DEBUG=1",
					"$(inherited)",
				);
				GCC_WARN_64_TO_32_BIT_CONVERSION = YES;
				GCC_WARN_ABOUT_RETURN_TYPE = YES_ERROR;
				GCC_WARN_UNDECLARED_SELECTOR = YES;
				GCC_WARN_UNINITIALIZED_AUTOS = YES_AGGRESSIVE;
				GCC_WARN_UNUSED_FUNCTION = YES;
				GCC_WARN_UNUSED_VARIABLE = YES;
				IPHONEOS_DEPLOYMENT_TARGET = 13.2;
				MTL_ENABLE_DEBUG_INFO = INCLUDE_SOURCE;
				MTL_FAST_MATH = YES;
				ONLY_ACTIVE_ARCH = YES;
				SDKROOT = iphoneos;
				SWIFT_ACTIVE_COMPILATION_CONDITIONS = DEBUG;
				SWIFT_OPTIMIZATION_LEVEL = "-Onone";
			};
			name = Debug;
		};
		B911C34526740F9A00524463 /* Release */ = {
			isa = XCBuildConfiguration;
			buildSettings = {
				ALWAYS_SEARCH_USER_PATHS = NO;
				CLANG_ANALYZER_NONNULL = YES;
				CLANG_ANALYZER_NUMBER_OBJECT_CONVERSION = YES_AGGRESSIVE;
				CLANG_CXX_LANGUAGE_STANDARD = "gnu++14";
				CLANG_CXX_LIBRARY = "libc++";
				CLANG_ENABLE_MODULES = YES;
				CLANG_ENABLE_OBJC_ARC = YES;
				CLANG_ENABLE_OBJC_WEAK = YES;
				CLANG_WARN_BLOCK_CAPTURE_AUTORELEASING = YES;
				CLANG_WARN_BOOL_CONVERSION = YES;
				CLANG_WARN_COMMA = YES;
				CLANG_WARN_CONSTANT_CONVERSION = YES;
				CLANG_WARN_DEPRECATED_OBJC_IMPLEMENTATIONS = YES;
				CLANG_WARN_DIRECT_OBJC_ISA_USAGE = YES_ERROR;
				CLANG_WARN_DOCUMENTATION_COMMENTS = YES;
				CLANG_WARN_EMPTY_BODY = YES;
				CLANG_WARN_ENUM_CONVERSION = YES;
				CLANG_WARN_INFINITE_RECURSION = YES;
				CLANG_WARN_INT_CONVERSION = YES;
				CLANG_WARN_NON_LITERAL_NULL_CONVERSION = YES;
				CLANG_WARN_OBJC_IMPLICIT_RETAIN_SELF = YES;
				CLANG_WARN_OBJC_LITERAL_CONVERSION = YES;
				CLANG_WARN_OBJC_ROOT_CLASS = YES_ERROR;
				CLANG_WARN_RANGE_LOOP_ANALYSIS = YES;
				CLANG_WARN_STRICT_PROTOTYPES = YES;
				CLANG_WARN_SUSPICIOUS_MOVE = YES;
				CLANG_WARN_UNGUARDED_AVAILABILITY = YES_AGGRESSIVE;
				CLANG_WARN_UNREACHABLE_CODE = YES;
				CLANG_WARN__DUPLICATE_METHOD_MATCH = YES;
				COPY_PHASE_STRIP = NO;
				DEBUG_INFORMATION_FORMAT = "dwarf-with-dsym";
				ENABLE_NS_ASSERTIONS = NO;
				ENABLE_STRICT_OBJC_MSGSEND = YES;
				GCC_C_LANGUAGE_STANDARD = gnu11;
				GCC_NO_COMMON_BLOCKS = YES;
				GCC_WARN_64_TO_32_BIT_CONVERSION = YES;
				GCC_WARN_ABOUT_RETURN_TYPE = YES_ERROR;
				GCC_WARN_UNDECLARED_SELECTOR = YES;
				GCC_WARN_UNINITIALIZED_AUTOS = YES_AGGRESSIVE;
				GCC_WARN_UNUSED_FUNCTION = YES;
				GCC_WARN_UNUSED_VARIABLE = YES;
				IPHONEOS_DEPLOYMENT_TARGET = 13.2;
				MTL_ENABLE_DEBUG_INFO = NO;
				MTL_FAST_MATH = YES;
				SDKROOT = iphoneos;
				SWIFT_COMPILATION_MODE = wholemodule;
				SWIFT_OPTIMIZATION_LEVEL = "-O";
				VALIDATE_PRODUCT = YES;
			};
			name = Release;
		};
		B911C34726740F9A00524463 /* Debug */ = {
			isa = XCBuildConfiguration;
			baseConfigurationReference = B426C41367975E50B4E1B287 /* Pods-iOS Challenge.debug.xcconfig */;
			buildSettings = {
				ASSETCATALOG_COMPILER_APPICON_NAME = AppIcon;
				CODE_SIGN_IDENTITY = "Apple Development";
				CODE_SIGN_STYLE = Automatic;
				DEVELOPMENT_TEAM = "";
				INFOPLIST_FILE = "iOS Challenge/Info.plist";
				LD_RUNPATH_SEARCH_PATHS = (
					"$(inherited)",
					"@executable_path/Frameworks",
				);
				PRODUCT_BUNDLE_IDENTIFIER = "com.ruprecht.iOS-Challenge";
				PRODUCT_NAME = "$(TARGET_NAME)";
				PROVISIONING_PROFILE_SPECIFIER = "";
				SWIFT_VERSION = 5.0;
				TARGETED_DEVICE_FAMILY = "1,2";
			};
			name = Debug;
		};
		B911C34826740F9A00524463 /* Release */ = {
			isa = XCBuildConfiguration;
			baseConfigurationReference = D0BEF210E63AF8FD504EB4F8 /* Pods-iOS Challenge.release.xcconfig */;
			buildSettings = {
				ASSETCATALOG_COMPILER_APPICON_NAME = AppIcon;
				CODE_SIGN_IDENTITY = "Apple Development";
				CODE_SIGN_STYLE = Automatic;
				DEVELOPMENT_TEAM = "";
				INFOPLIST_FILE = "iOS Challenge/Info.plist";
				LD_RUNPATH_SEARCH_PATHS = (
					"$(inherited)",
					"@executable_path/Frameworks",
				);
				PRODUCT_BUNDLE_IDENTIFIER = "com.ruprecht.iOS-Challenge";
				PRODUCT_NAME = "$(TARGET_NAME)";
				PROVISIONING_PROFILE_SPECIFIER = "";
				SWIFT_VERSION = 5.0;
				TARGETED_DEVICE_FAMILY = "1,2";
			};
			name = Release;
		};
		B911C34A26740F9A00524463 /* Debug */ = {
			isa = XCBuildConfiguration;
			baseConfigurationReference = DACC2913AFCF504228DFD2EC /* Pods-iOS ChallengeTests.debug.xcconfig */;
			buildSettings = {
				ALWAYS_EMBED_SWIFT_STANDARD_LIBRARIES = YES;
				BUNDLE_LOADER = "$(TEST_HOST)";
				CODE_SIGN_STYLE = Automatic;
				DEVELOPMENT_TEAM = 7FN49FRQXT;
				INFOPLIST_FILE = "iOS ChallengeTests/Info.plist";
				IPHONEOS_DEPLOYMENT_TARGET = 13.2;
				LD_RUNPATH_SEARCH_PATHS = (
					"$(inherited)",
					"@executable_path/Frameworks",
					"@loader_path/Frameworks",
				);
				PRODUCT_BUNDLE_IDENTIFIER = "com.ruprecht.iOS-ChallengeTests";
				PRODUCT_NAME = "$(TARGET_NAME)";
				SWIFT_VERSION = 5.0;
				TARGETED_DEVICE_FAMILY = "1,2";
				TEST_HOST = "$(BUILT_PRODUCTS_DIR)/iOS Challenge.app/iOS Challenge";
			};
			name = Debug;
		};
		B911C34B26740F9A00524463 /* Release */ = {
			isa = XCBuildConfiguration;
			baseConfigurationReference = 242FD41D8084642EE1DC5A4E /* Pods-iOS ChallengeTests.release.xcconfig */;
			buildSettings = {
				ALWAYS_EMBED_SWIFT_STANDARD_LIBRARIES = YES;
				BUNDLE_LOADER = "$(TEST_HOST)";
				CODE_SIGN_STYLE = Automatic;
				DEVELOPMENT_TEAM = 7FN49FRQXT;
				INFOPLIST_FILE = "iOS ChallengeTests/Info.plist";
				IPHONEOS_DEPLOYMENT_TARGET = 13.2;
				LD_RUNPATH_SEARCH_PATHS = (
					"$(inherited)",
					"@executable_path/Frameworks",
					"@loader_path/Frameworks",
				);
				PRODUCT_BUNDLE_IDENTIFIER = "com.ruprecht.iOS-ChallengeTests";
				PRODUCT_NAME = "$(TARGET_NAME)";
				SWIFT_VERSION = 5.0;
				TARGETED_DEVICE_FAMILY = "1,2";
				TEST_HOST = "$(BUILT_PRODUCTS_DIR)/iOS Challenge.app/iOS Challenge";
			};
			name = Release;
		};
		B911C34D26740F9A00524463 /* Debug */ = {
			isa = XCBuildConfiguration;
			baseConfigurationReference = 864BCC47525AE34A6023FECB /* Pods-iOS Challenge-iOS ChallengeUITests.debug.xcconfig */;
			buildSettings = {
				ALWAYS_EMBED_SWIFT_STANDARD_LIBRARIES = YES;
				CODE_SIGN_STYLE = Automatic;
				DEVELOPMENT_TEAM = 7FN49FRQXT;
				INFOPLIST_FILE = "iOS ChallengeUITests/Info.plist";
				LD_RUNPATH_SEARCH_PATHS = (
					"$(inherited)",
					"@executable_path/Frameworks",
					"@loader_path/Frameworks",
				);
				PRODUCT_BUNDLE_IDENTIFIER = "com.ruprecht.iOS-ChallengeUITests";
				PRODUCT_NAME = "$(TARGET_NAME)";
				SWIFT_VERSION = 5.0;
				TARGETED_DEVICE_FAMILY = "1,2";
				TEST_TARGET_NAME = "iOS Challenge";
			};
			name = Debug;
		};
		B911C34E26740F9A00524463 /* Release */ = {
			isa = XCBuildConfiguration;
			baseConfigurationReference = 33EA846934B7F01873738E82 /* Pods-iOS Challenge-iOS ChallengeUITests.release.xcconfig */;
			buildSettings = {
				ALWAYS_EMBED_SWIFT_STANDARD_LIBRARIES = YES;
				CODE_SIGN_STYLE = Automatic;
				DEVELOPMENT_TEAM = 7FN49FRQXT;
				INFOPLIST_FILE = "iOS ChallengeUITests/Info.plist";
				LD_RUNPATH_SEARCH_PATHS = (
					"$(inherited)",
					"@executable_path/Frameworks",
					"@loader_path/Frameworks",
				);
				PRODUCT_BUNDLE_IDENTIFIER = "com.ruprecht.iOS-ChallengeUITests";
				PRODUCT_NAME = "$(TARGET_NAME)";
				SWIFT_VERSION = 5.0;
				TARGETED_DEVICE_FAMILY = "1,2";
				TEST_TARGET_NAME = "iOS Challenge";
			};
			name = Release;
		};
/* End XCBuildConfiguration section */

/* Begin XCConfigurationList section */
		B911C31726740F9500524463 /* Build configuration list for PBXProject "iOS Challenge" */ = {
			isa = XCConfigurationList;
			buildConfigurations = (
				B911C34426740F9A00524463 /* Debug */,
				B911C34526740F9A00524463 /* Release */,
			);
			defaultConfigurationIsVisible = 0;
			defaultConfigurationName = Release;
		};
		B911C34626740F9A00524463 /* Build configuration list for PBXNativeTarget "iOS Challenge" */ = {
			isa = XCConfigurationList;
			buildConfigurations = (
				B911C34726740F9A00524463 /* Debug */,
				B911C34826740F9A00524463 /* Release */,
			);
			defaultConfigurationIsVisible = 0;
			defaultConfigurationName = Release;
		};
		B911C34926740F9A00524463 /* Build configuration list for PBXNativeTarget "iOS ChallengeTests" */ = {
			isa = XCConfigurationList;
			buildConfigurations = (
				B911C34A26740F9A00524463 /* Debug */,
				B911C34B26740F9A00524463 /* Release */,
			);
			defaultConfigurationIsVisible = 0;
			defaultConfigurationName = Release;
		};
		B911C34C26740F9A00524463 /* Build configuration list for PBXNativeTarget "iOS ChallengeUITests" */ = {
			isa = XCConfigurationList;
			buildConfigurations = (
				B911C34D26740F9A00524463 /* Debug */,
				B911C34E26740F9A00524463 /* Release */,
			);
			defaultConfigurationIsVisible = 0;
			defaultConfigurationName = Release;
		};
/* End XCConfigurationList section */
	};
	rootObject = B911C31426740F9500524463 /* Project object */;
}
